# This file is automatically @generated by Cargo.
# It is not intended for manual editing.
version = 3

[[package]]
name = "libc"
version = "0.2.126"
source = "git+https://github.com/rust-lang/libc?rev=0.2.126#5add164cd9beadf360dd6fdc738681e73475d14d"

[[package]]
name = "libc"
version = "0.2.126"
source = "git+https://github.com/rust-lang/libc?rev=f143f2b9ace1c9b99dd5c104470e94f5990ed7d2#f143f2b9ace1c9b99dd5c104470e94f5990ed7d2"

[[package]]
name = "nix-cargo-two-unpinned-dependencies"
version = "0.1.0"
dependencies = [
 "libc 0.2.126 (git+https://github.com/rust-lang/libc?rev=0.2.126)",
 "subproject",
]

[[package]]
name = "subproject"
version = "0.1.0"
dependencies = [
 "libc 0.2.126 (git+https://github.com/rust-lang/libc?rev=f143f2b9ace1c9b99dd5c104470e94f5990ed7d2)",
]
